
Microsoft Visual Studio Solution File, Format Version 12.00
# Visual Studio Version 17
VisualStudioVersion = 17.2.32516.85
MinimumVisualStudioVersion = 10.0.40219.1
Project("{FAE04EC0-301F-11D3-BF4B-00C04F79EFBC}") = "NOS_projekt", "NOS_projekt\NOS_projekt.csproj", "{2366E23A-FD00-4E04-8C62-ECF49053B222}"
EndProject
Global
	GlobalSection(SolutionConfigurationPlatforms) = preSolution
		Debug|Any CPU = Debug|Any CPU
		Release|Any CPU = Release|Any CPU
	EndGlobalSection
	GlobalSection(ProjectConfigurationPlatforms) = postSolution
		{2366E23A-FD00-4E04-8C62-ECF49053B222}.Debug|Any CPU.ActiveCfg = Debug|Any CPU
		{2366E23A-FD00-4E04-8C62-ECF49053B222}.Debug|Any CPU.Build.0 = Debug|Any CPU
		{2366E23A-FD00-4E04-8C62-ECF49053B222}.Release|Any CPU.ActiveCfg = Release|Any CPU
		{2366E23A-FD00-4E04-8C62-ECF49053B222}.Release|Any CPU.Build.0 = Release|Any CPU
	EndGlobalSection
	GlobalSection(SolutionProperties) = preSolution
		HideSolutionNode = FALSE
	EndGlobalSection
	GlobalSection(ExtensibilityGlobals) = postSolution
		SolutionGuid = {7E271750-5D76-40A8-98C6-B9918BF42032}
	EndGlobalSection
EndGlobal
